
Microsoft Visual Studio Solution File, Format Version 12.00
# Visual Studio 15
Project("{FAE04EC0-301F-11D3-BF4B-00C04F79EFBC}") = "Assembly-CSharp", "Assembly-CSharp.csproj", "{3742E5A3-E8E4-CC8C-E468-56147CBCA4D6}"
EndProject
Project("{FAE04EC0-301F-11D3-BF4B-00C04F79EFBC}") = "Assembly-CSharp-Editor", "Assembly-CSharp-Editor.csproj", "{3C53CD15-9285-FD03-149B-A9D6B09D5422}"
EndProject
Global
	GlobalSection(SolutionConfigurationPlatforms) = preSolution
		Debug|Any CPU = Debug|Any CPU
		Release|Any CPU = Release|Any CPU
	EndGlobalSection
	GlobalSection(ProjectConfigurationPlatforms) = postSolution
		{3742E5A3-E8E4-CC8C-E468-56147CBCA4D6}.Debug|Any CPU.ActiveCfg = Debug|Any CPU
		{3742E5A3-E8E4-CC8C-E468-56147CBCA4D6}.Debug|Any CPU.Build.0 = Debug|Any CPU
		{3742E5A3-E8E4-CC8C-E468-56147CBCA4D6}.Release|Any CPU.ActiveCfg = Release|Any CPU
		{3742E5A3-E8E4-CC8C-E468-56147CBCA4D6}.Release|Any CPU.Build.0 = Release|Any CPU
		{3C53CD15-9285-FD03-149B-A9D6B09D5422}.Debug|Any CPU.ActiveCfg = Debug|Any CPU
		{3C53CD15-9285-FD03-149B-A9D6B09D5422}.Debug|Any CPU.Build.0 = Debug|Any CPU
		{3C53CD15-9285-FD03-149B-A9D6B09D5422}.Release|Any CPU.ActiveCfg = Release|Any CPU
		{3C53CD15-9285-FD03-149B-A9D6B09D5422}.Release|Any CPU.Build.0 = Release|Any CPU
	EndGlobalSection
	GlobalSection(SolutionProperties) = preSolution
		HideSolutionNode = FALSE
	EndGlobalSection
EndGlobal
